
Microsoft Visual Studio Solution File, Format Version 12.00
# Visual Studio Version 17
VisualStudioVersion = 17.7.34221.43
MinimumVisualStudioVersion = 10.0.40219.1
Project("{FAE04EC0-301F-11D3-BF4B-00C04F79EFBC}") = "Login", "Login.csproj", "{F14C7083-A54A-4FA9-A468-296F1237E119}"
EndProject
Global
	GlobalSection(SolutionConfigurationPlatforms) = preSolution
		Debug|Any CPU = Debug|Any CPU
		Release|Any CPU = Release|Any CPU
	EndGlobalSection
	GlobalSection(ProjectConfigurationPlatforms) = postSolution
		{F14C7083-A54A-4FA9-A468-296F1237E119}.Debug|Any CPU.ActiveCfg = Debug|Any CPU
		{F14C7083-A54A-4FA9-A468-296F1237E119}.Debug|Any CPU.Build.0 = Debug|Any CPU
		{F14C7083-A54A-4FA9-A468-296F1237E119}.Release|Any CPU.ActiveCfg = Release|Any CPU
		{F14C7083-A54A-4FA9-A468-296F1237E119}.Release|Any CPU.Build.0 = Release|Any CPU
	EndGlobalSection
	GlobalSection(SolutionProperties) = preSolution
		HideSolutionNode = FALSE
	EndGlobalSection
	GlobalSection(ExtensibilityGlobals) = postSolution
		SolutionGuid = {08DD127E-BE8A-4AD6-996C-8B78821553BD}
	EndGlobalSection
EndGlobal
